// !$*UTF8*$!
{
	archiveVersion = 1;
	classes = {
	};
	objectVersion = 56;
	objects = {

/* Begin PBXBuildFile section */
		BE41C0452B3C6E8A00F507E3 /* RxBlocking in Frameworks */ = {isa = PBXBuildFile; productRef = BE41C0442B3C6E8A00F507E3 /* RxBlocking */; };
		BE41C0472B3C6E8A00F507E3 /* RxBlocking-Dynamic in Frameworks */ = {isa = PBXBuildFile; productRef = BE41C0462B3C6E8A00F507E3 /* RxBlocking-Dynamic */; };
		BE41C0492B3C6E8A00F507E3 /* RxCocoa in Frameworks */ = {isa = PBXBuildFile; productRef = BE41C0482B3C6E8A00F507E3 /* RxCocoa */; };
		BE41C04B2B3C6E8A00F507E3 /* RxCocoa-Dynamic in Frameworks */ = {isa = PBXBuildFile; productRef = BE41C04A2B3C6E8A00F507E3 /* RxCocoa-Dynamic */; };
		BE41C04D2B3C6E8A00F507E3 /* RxRelay in Frameworks */ = {isa = PBXBuildFile; productRef = BE41C04C2B3C6E8A00F507E3 /* RxRelay */; };
		BE41C04F2B3C6E8A00F507E3 /* RxRelay-Dynamic in Frameworks */ = {isa = PBXBuildFile; productRef = BE41C04E2B3C6E8A00F507E3 /* RxRelay-Dynamic */; };
		BE41C0512B3C6E8A00F507E3 /* RxSwift in Frameworks */ = {isa = PBXBuildFile; productRef = BE41C0502B3C6E8A00F507E3 /* RxSwift */; };
		BE41C0532B3C6E8A00F507E3 /* RxSwift-Dynamic in Frameworks */ = {isa = PBXBuildFile; productRef = BE41C0522B3C6E8A00F507E3 /* RxSwift-Dynamic */; };
		BE41C0552B3C6E8A00F507E3 /* RxTest in Frameworks */ = {isa = PBXBuildFile; productRef = BE41C0542B3C6E8A00F507E3 /* RxTest */; };
		BE41C0572B3C6E8A00F507E3 /* RxTest-Dynamic in Frameworks */ = {isa = PBXBuildFile; productRef = BE41C0562B3C6E8A00F507E3 /* RxTest-Dynamic */; };
		BE69387D2B380F2A00EC734A /* AppDelegate.swift in Sources */ = {isa = PBXBuildFile; fileRef = BE69387C2B380F2A00EC734A /* AppDelegate.swift */; };
		BE69387F2B380F2A00EC734A /* SceneDelegate.swift in Sources */ = {isa = PBXBuildFile; fileRef = BE69387E2B380F2A00EC734A /* SceneDelegate.swift */; };
		BE6938812B380F2A00EC734A /* ViewController.swift in Sources */ = {isa = PBXBuildFile; fileRef = BE6938802B380F2A00EC734A /* ViewController.swift */; };
		BE6938842B380F2A00EC734A /* Main.storyboard in Resources */ = {isa = PBXBuildFile; fileRef = BE6938822B380F2A00EC734A /* Main.storyboard */; };
		BE6938862B380F2B00EC734A /* Assets.xcassets in Resources */ = {isa = PBXBuildFile; fileRef = BE6938852B380F2B00EC734A /* Assets.xcassets */; };
		BE6938892B380F2B00EC734A /* LaunchScreen.storyboard in Resources */ = {isa = PBXBuildFile; fileRef = BE6938872B380F2B00EC734A /* LaunchScreen.storyboard */; };
/* End PBXBuildFile section */

/* Begin PBXFileReference section */
		BE6938792B380F2A00EC734A /* RXSwiftSamples.app */ = {isa = PBXFileReference; explicitFileType = wrapper.application; includeInIndex = 0; path = RXSwiftSamples.app; sourceTree = BUILT_PRODUCTS_DIR; };
		BE69387C2B380F2A00EC734A /* AppDelegate.swift */ = {isa = PBXFileReference; lastKnownFileType = sourcecode.swift; path = AppDelegate.swift; sourceTree = "<group>"; };
		BE69387E2B380F2A00EC734A /* SceneDelegate.swift */ = {isa = PBXFileReference; lastKnownFileType = sourcecode.swift; path = SceneDelegate.swift; sourceTree = "<group>"; };
		BE6938802B380F2A00EC734A /* ViewController.swift */ = {isa = PBXFileReference; lastKnownFileType = sourcecode.swift; path = ViewController.swift; sourceTree = "<group>"; };
		BE6938832B380F2A00EC734A /* Base */ = {isa = PBXFileReference; lastKnownFileType = file.storyboard; name = Base; path = Base.lproj/Main.storyboard; sourceTree = "<group>"; };
		BE6938852B380F2B00EC734A /* Assets.xcassets */ = {isa = PBXFileReference; lastKnownFileType = folder.assetcatalog; path = Assets.xcassets; sourceTree = "<group>"; };
		BE6938882B380F2B00EC734A /* Base */ = {isa = PBXFileReference; lastKnownFileType = file.storyboard; name = Base; path = Base.lproj/LaunchScreen.storyboard; sourceTree = "<group>"; };
		BE69388A2B380F2B00EC734A /* Info.plist */ = {isa = PBXFileReference; lastKnownFileType = text.plist.xml; path = Info.plist; sourceTree = "<group>"; };
/* End PBXFileReference section */

/* Begin PBXFrameworksBuildPhase section */
		BE6938762B380F2A00EC734A /* Frameworks */ = {
			isa = PBXFrameworksBuildPhase;
			buildActionMask = 2147483647;
			files = (
				BE41C0532B3C6E8A00F507E3 /* RxSwift-Dynamic in Frameworks */,
				BE41C0552B3C6E8A00F507E3 /* RxTest in Frameworks */,
				BE41C04D2B3C6E8A00F507E3 /* RxRelay in Frameworks */,
				BE41C04B2B3C6E8A00F507E3 /* RxCocoa-Dynamic in Frameworks */,
				BE41C04F2B3C6E8A00F507E3 /* RxRelay-Dynamic in Frameworks */,
				BE41C0492B3C6E8A00F507E3 /* RxCocoa in Frameworks */,
				BE41C0452B3C6E8A00F507E3 /* RxBlocking in Frameworks */,
				BE41C0472B3C6E8A00F507E3 /* RxBlocking-Dynamic in Frameworks */,
				BE41C0572B3C6E8A00F507E3 /* RxTest-Dynamic in Frameworks */,
				BE41C0512B3C6E8A00F507E3 /* RxSwift in Frameworks */,
			);
			runOnlyForDeploymentPostprocessing = 0;
		};
/* End PBXFrameworksBuildPhase section */

/* Begin PBXGroup section */
		BE6938702B380F2A00EC734A = {
			isa = PBXGroup;
			children = (
				BE69387B2B380F2A00EC734A /* RXSwiftSamples */,
				BE69387A2B380F2A00EC734A /* Products */,
			);
			sourceTree = "<group>";
		};
		BE69387A2B380F2A00EC734A /* Products */ = {
			isa = PBXGroup;
			children = (
				BE6938792B380F2A00EC734A /* RXSwiftSamples.app */,
			);
			name = Products;
			sourceTree = "<group>";
		};
		BE69387B2B380F2A00EC734A /* RXSwiftSamples */ = {
			isa = PBXGroup;
			children = (
				BE69387C2B380F2A00EC734A /* AppDelegate.swift */,
				BE69387E2B380F2A00EC734A /* SceneDelegate.swift */,
				BE6938802B380F2A00EC734A /* ViewController.swift */,
				BE6938822B380F2A00EC734A /* Main.storyboard */,
				BE6938852B380F2B00EC734A /* Assets.xcassets */,
				BE6938872B380F2B00EC734A /* LaunchScreen.storyboard */,
				BE69388A2B380F2B00EC734A /* Info.plist */,
			);
			path = RXSwiftSamples;
			sourceTree = "<group>";
		};
/* End PBXGroup section */

/* Begin PBXNativeTarget section */
		BE6938782B380F2A00EC734A /* RXSwiftSamples */ = {
			isa = PBXNativeTarget;
			buildConfigurationList = BE69388D2B380F2B00EC734A /* Build configuration list for PBXNativeTarget "RXSwiftSamples" */;
			buildPhases = (
				BE6938752B380F2A00EC734A /* Sources */,
				BE6938762B380F2A00EC734A /* Frameworks */,
				BE6938772B380F2A00EC734A /* Resources */,
			);
			buildRules = (
			);
			dependencies = (
			);
			name = RXSwiftSamples;
			packageProductDependencies = (
				BE41C0442B3C6E8A00F507E3 /* RxBlocking */,
				BE41C0462B3C6E8A00F507E3 /* RxBlocking-Dynamic */,
				BE41C0482B3C6E8A00F507E3 /* RxCocoa */,
				BE41C04A2B3C6E8A00F507E3 /* RxCocoa-Dynamic */,
				BE41C04C2B3C6E8A00F507E3 /* RxRelay */,
				BE41C04E2B3C6E8A00F507E3 /* RxRelay-Dynamic */,
				BE41C0502B3C6E8A00F507E3 /* RxSwift */,
				BE41C0522B3C6E8A00F507E3 /* RxSwift-Dynamic */,
				BE41C0542B3C6E8A00F507E3 /* RxTest */,
				BE41C0562B3C6E8A00F507E3 /* RxTest-Dynamic */,
			);
			productName = RXSwiftSamples;
			productReference = BE6938792B380F2A00EC734A /* RXSwiftSamples.app */;
			productType = "com.apple.product-type.application";
		};
/* End PBXNativeTarget section */

/* Begin PBXProject section */
		BE6938712B380F2A00EC734A /* Project object */ = {
			isa = PBXProject;
			attributes = {
				BuildIndependentTargetsInParallel = 1;
				LastSwiftUpdateCheck = 1500;
				LastUpgradeCheck = 1500;
				TargetAttributes = {
					BE6938782B380F2A00EC734A = {
						CreatedOnToolsVersion = 15.0;
					};
				};
			};
			buildConfigurationList = BE6938742B380F2A00EC734A /* Build configuration list for PBXProject "RXSwiftSamples" */;
			compatibilityVersion = "Xcode 14.0";
			developmentRegion = en;
			hasScannedForEncodings = 0;
			knownRegions = (
				en,
				Base,
			);
			mainGroup = BE6938702B380F2A00EC734A;
			packageReferences = (
				BE41C0432B3C6E8A00F507E3 /* XCRemoteSwiftPackageReference "RxSwift" */,
			);
			productRefGroup = BE69387A2B380F2A00EC734A /* Products */;
			projectDirPath = "";
			projectRoot = "";
			targets = (
				BE6938782B380F2A00EC734A /* RXSwiftSamples */,
			);
		};
/* End PBXProject section */

/* Begin PBXResourcesBuildPhase section */
		BE6938772B380F2A00EC734A /* Resources */ = {
			isa = PBXResourcesBuildPhase;
			buildActionMask = 2147483647;
			files = (
				BE6938892B380F2B00EC734A /* LaunchScreen.storyboard in Resources */,
				BE6938862B380F2B00EC734A /* Assets.xcassets in Resources */,
				BE6938842B380F2A00EC734A /* Main.storyboard in Resources */,
			);
			runOnlyForDeploymentPostprocessing = 0;
		};
/* End PBXResourcesBuildPhase section */

/* Begin PBXSourcesBuildPhase section */
		BE6938752B380F2A00EC734A /* Sources */ = {
			isa = PBXSourcesBuildPhase;
			buildActionMask = 2147483647;
			files = (
				BE6938812B380F2A00EC734A /* ViewController.swift in Sources */,
				BE69387D2B380F2A00EC734A /* AppDelegate.swift in Sources */,
				BE69387F2B380F2A00EC734A /* SceneDelegate.swift in Sources */,
			);
			runOnlyForDeploymentPostprocessing = 0;
		};
/* End PBXSourcesBuildPhase section */

/* Begin PBXVariantGroup section */
		BE6938822B380F2A00EC734A /* Main.storyboard */ = {
			isa = PBXVariantGroup;
			children = (
				BE6938832B380F2A00EC734A /* Base */,
			);
			name = Main.storyboard;
			sourceTree = "<group>";
		};
		BE6938872B380F2B00EC734A /* LaunchScreen.storyboard */ = {
			isa = PBXVariantGroup;
			children = (
				BE6938882B380F2B00EC734A /* Base */,
			);
			name = LaunchScreen.storyboard;
			sourceTree = "<group>";
		};
/* End PBXVariantGroup section */

/* Begin XCBuildConfiguration section */
		BE69388B2B380F2B00EC734A /* Debug */ = {
			isa = XCBuildConfiguration;
			buildSettings = {
				ALWAYS_SEARCH_USER_PATHS = NO;
				ASSETCATALOG_COMPILER_GENERATE_SWIFT_ASSET_SYMBOL_EXTENSIONS = YES;
				CLANG_ANALYZER_NONNULL = YES;
				CLANG_ANALYZER_NUMBER_OBJECT_CONVERSION = YES_AGGRESSIVE;
				CLANG_CXX_LANGUAGE_STANDARD = "gnu++20";
				CLANG_ENABLE_MODULES = YES;
				CLANG_ENABLE_OBJC_ARC = YES;
				CLANG_ENABLE_OBJC_WEAK = YES;
				CLANG_WARN_BLOCK_CAPTURE_AUTORELEASING = YES;
				CLANG_WARN_BOOL_CONVERSION = YES;
				CLANG_WARN_COMMA = YES;
				CLANG_WARN_CONSTANT_CONVERSION = YES;
				CLANG_WARN_DEPRECATED_OBJC_IMPLEMENTATIONS = YES;
				CLANG_WARN_DIRECT_OBJC_ISA_USAGE = YES_ERROR;
				CLANG_WARN_DOCUMENTATION_COMMENTS = YES;
				CLANG_WARN_EMPTY_BODY = YES;
				CLANG_WARN_ENUM_CONVERSION = YES;
				CLANG_WARN_INFINITE_RECURSION = YES;
				CLANG_WARN_INT_CONVERSION = YES;
				CLANG_WARN_NON_LITERAL_NULL_CONVERSION = YES;
				CLANG_WARN_OBJC_IMPLICIT_RETAIN_SELF = YES;
				CLANG_WARN_OBJC_LITERAL_CONVERSION = YES;
				CLANG_WARN_OBJC_ROOT_CLASS = YES_ERROR;
				CLANG_WARN_QUOTED_INCLUDE_IN_FRAMEWORK_HEADER = YES;
				CLANG_WARN_RANGE_LOOP_ANALYSIS = YES;
				CLANG_WARN_STRICT_PROTOTYPES = YES;
				CLANG_WARN_SUSPICIOUS_MOVE = YES;
				CLANG_WARN_UNGUARDED_AVAILABILITY = YES_AGGRESSIVE;
				CLANG_WARN_UNREACHABLE_CODE = YES;
				CLANG_WARN__DUPLICATE_METHOD_MATCH = YES;
				COPY_PHASE_STRIP = NO;
				DEBUG_INFORMATION_FORMAT = dwarf;
				ENABLE_STRICT_OBJC_MSGSEND = YES;
				ENABLE_TESTABILITY = YES;
				ENABLE_USER_SCRIPT_SANDBOXING = YES;
				GCC_C_LANGUAGE_STANDARD = gnu17;
				GCC_DYNAMIC_NO_PIC = NO;
				GCC_NO_COMMON_BLOCKS = YES;
				GCC_OPTIMIZATION_LEVEL = 0;
				GCC_PREPROCESSOR_DEFINITIONS = (
					"DEBUG=1",
					"$(inherited)",
				);
				GCC_WARN_64_TO_32_BIT_CONVERSION = YES;
				GCC_WARN_ABOUT_RETURN_TYPE = YES_ERROR;
				GCC_WARN_UNDECLARED_SELECTOR = YES;
				GCC_WARN_UNINITIALIZED_AUTOS = YES_AGGRESSIVE;
				GCC_WARN_UNUSED_FUNCTION = YES;
				GCC_WARN_UNUSED_VARIABLE = YES;
				IPHONEOS_DEPLOYMENT_TARGET = 17.0;
				LOCALIZATION_PREFERS_STRING_CATALOGS = YES;
				MTL_ENABLE_DEBUG_INFO = INCLUDE_SOURCE;
				MTL_FAST_MATH = YES;
				ONLY_ACTIVE_ARCH = YES;
				SDKROOT = iphoneos;
				SWIFT_ACTIVE_COMPILATION_CONDITIONS = "DEBUG $(inherited)";
				SWIFT_OPTIMIZATION_LEVEL = "-Onone";
			};
			name = Debug;
		};
		BE69388C2B380F2B00EC734A /* Release */ = {
			isa = XCBuildConfiguration;
			buildSettings = {
				ALWAYS_SEARCH_USER_PATHS = NO;
				ASSETCATALOG_COMPILER_GENERATE_SWIFT_ASSET_SYMBOL_EXTENSIONS = YES;
				CLANG_ANALYZER_NONNULL = YES;
				CLANG_ANALYZER_NUMBER_OBJECT_CONVERSION = YES_AGGRESSIVE;
				CLANG_CXX_LANGUAGE_STANDARD = "gnu++20";
				CLANG_ENABLE_MODULES = YES;
				CLANG_ENABLE_OBJC_ARC = YES;
				CLANG_ENABLE_OBJC_WEAK = YES;
				CLANG_WARN_BLOCK_CAPTURE_AUTORELEASING = YES;
				CLANG_WARN_BOOL_CONVERSION = YES;
				CLANG_WARN_COMMA = YES;
				CLANG_WARN_CONSTANT_CONVERSION = YES;
				CLANG_WARN_DEPRECATED_OBJC_IMPLEMENTATIONS = YES;
				CLANG_WARN_DIRECT_OBJC_ISA_USAGE = YES_ERROR;
				CLANG_WARN_DOCUMENTATION_COMMENTS = YES;
				CLANG_WARN_EMPTY_BODY = YES;
				CLANG_WARN_ENUM_CONVERSION = YES;
				CLANG_WARN_INFINITE_RECURSION = YES;
				CLANG_WARN_INT_CONVERSION = YES;
				CLANG_WARN_NON_LITERAL_NULL_CONVERSION = YES;
				CLANG_WARN_OBJC_IMPLICIT_RETAIN_SELF = YES;
				CLANG_WARN_OBJC_LITERAL_CONVERSION = YES;
				CLANG_WARN_OBJC_ROOT_CLASS = YES_ERROR;
				CLANG_WARN_QUOTED_INCLUDE_IN_FRAMEWORK_HEADER = YES;
				CLANG_WARN_RANGE_LOOP_ANALYSIS = YES;
				CLANG_WARN_STRICT_PROTOTYPES = YES;
				CLANG_WARN_SUSPICIOUS_MOVE = YES;
				CLANG_WARN_UNGUARDED_AVAILABILITY = YES_AGGRESSIVE;
				CLANG_WARN_UNREACHABLE_CODE = YES;
				CLANG_WARN__DUPLICATE_METHOD_MATCH = YES;
				COPY_PHASE_STRIP = NO;
				DEBUG_INFORMATION_FORMAT = "dwarf-with-dsym";
				ENABLE_NS_ASSERTIONS = NO;
				ENABLE_STRICT_OBJC_MSGSEND = YES;
				ENABLE_USER_SCRIPT_SANDBOXING = YES;
				GCC_C_LANGUAGE_STANDARD = gnu17;
				GCC_NO_COMMON_BLOCKS = YES;
				GCC_WARN_64_TO_32_BIT_CONVERSION = YES;
				GCC_WARN_ABOUT_RETURN_TYPE = YES_ERROR;
				GCC_WARN_UNDECLARED_SELECTOR = YES;
				GCC_WARN_UNINITIALIZED_AUTOS = YES_AGGRESSIVE;
				GCC_WARN_UNUSED_FUNCTION = YES;
				GCC_WARN_UNUSED_VARIABLE = YES;
				IPHONEOS_DEPLOYMENT_TARGET = 17.0;
				LOCALIZATION_PREFERS_STRING_CATALOGS = YES;
				MTL_ENABLE_DEBUG_INFO = NO;
				MTL_FAST_MATH = YES;
				SDKROOT = iphoneos;
				SWIFT_COMPILATION_MODE = wholemodule;
				VALIDATE_PRODUCT = YES;
			};
			name = Release;
		};
		BE69388E2B380F2B00EC734A /* Debug */ = {
			isa = XCBuildConfiguration;
			buildSettings = {
				ASSETCATALOG_COMPILER_APPICON_NAME = AppIcon;
				ASSETCATALOG_COMPILER_GLOBAL_ACCENT_COLOR_NAME = AccentColor;
				CODE_SIGN_STYLE = Automatic;
				CURRENT_PROJECT_VERSION = 1;
				DEVELOPMENT_TEAM = H999WST5QF;
				GENERATE_INFOPLIST_FILE = YES;
				INFOPLIST_FILE = RXSwiftSamples/Info.plist;
				INFOPLIST_KEY_UIApplicationSupportsIndirectInputEvents = YES;
				INFOPLIST_KEY_UILaunchStoryboardName = LaunchScreen;
				INFOPLIST_KEY_UIMainStoryboardFile = Main;
				INFOPLIST_KEY_UISupportedInterfaceOrientations_iPad = "UIInterfaceOrientationPortrait UIInterfaceOrientationPortraitUpsideDown UIInterfaceOrientationLandscapeLeft UIInterfaceOrientationLandscapeRight";
				INFOPLIST_KEY_UISupportedInterfaceOrientations_iPhone = "UIInterfaceOrientationPortrait UIInterfaceOrientationLandscapeLeft UIInterfaceOrientationLandscapeRight";
				LD_RUNPATH_SEARCH_PATHS = (
					"$(inherited)",
					"@executable_path/Frameworks",
				);
				MARKETING_VERSION = 1.0;
				PRODUCT_BUNDLE_IDENTIFIER = com.gmail.kennsuke242424.RXSwiftSamples;
				PRODUCT_NAME = "$(TARGET_NAME)";
				SWIFT_EMIT_LOC_STRINGS = YES;
				SWIFT_VERSION = 5.0;
				TARGETED_DEVICE_FAMILY = "1,2";
			};
			name = Debug;
		};
		BE69388F2B380F2B00EC734A /* Release */ = {
			isa = XCBuildConfiguration;
			buildSettings = {
				ASSETCATALOG_COMPILER_APPICON_NAME = AppIcon;
				ASSETCATALOG_COMPILER_GLOBAL_ACCENT_COLOR_NAME = AccentColor;
				CODE_SIGN_STYLE = Automatic;
				CURRENT_PROJECT_VERSION = 1;
				DEVELOPMENT_TEAM = H999WST5QF;
				GENERATE_INFOPLIST_FILE = YES;
				INFOPLIST_FILE = RXSwiftSamples/Info.plist;
				INFOPLIST_KEY_UIApplicationSupportsIndirectInputEvents = YES;
				INFOPLIST_KEY_UILaunchStoryboardName = LaunchScreen;
				INFOPLIST_KEY_UIMainStoryboardFile = Main;
				INFOPLIST_KEY_UISupportedInterfaceOrientations_iPad = "UIInterfaceOrientationPortrait UIInterfaceOrientationPortraitUpsideDown UIInterfaceOrientationLandscapeLeft UIInterfaceOrientationLandscapeRight";
				INFOPLIST_KEY_UISupportedInterfaceOrientations_iPhone = "UIInterfaceOrientationPortrait UIInterfaceOrientationLandscapeLeft UIInterfaceOrientationLandscapeRight";
				LD_RUNPATH_SEARCH_PATHS = (
					"$(inherited)",
					"@executable_path/Frameworks",
				);
				MARKETING_VERSION = 1.0;
				PRODUCT_BUNDLE_IDENTIFIER = com.gmail.kennsuke242424.RXSwiftSamples;
				PRODUCT_NAME = "$(TARGET_NAME)";
				SWIFT_EMIT_LOC_STRINGS = YES;
				SWIFT_VERSION = 5.0;
				TARGETED_DEVICE_FAMILY = "1,2";
			};
			name = Release;
		};
/* End XCBuildConfiguration section */

/* Begin XCConfigurationList section */
		BE6938742B380F2A00EC734A /* Build configuration list for PBXProject "RXSwiftSamples" */ = {
			isa = XCConfigurationList;
			buildConfigurations = (
				BE69388B2B380F2B00EC734A /* Debug */,
				BE69388C2B380F2B00EC734A /* Release */,
			);
			defaultConfigurationIsVisible = 0;
			defaultConfigurationName = Release;
		};
		BE69388D2B380F2B00EC734A /* Build configuration list for PBXNativeTarget "RXSwiftSamples" */ = {
			isa = XCConfigurationList;
			buildConfigurations = (
				BE69388E2B380F2B00EC734A /* Debug */,
				BE69388F2B380F2B00EC734A /* Release */,
			);
			defaultConfigurationIsVisible = 0;
			defaultConfigurationName = Release;
		};
/* End XCConfigurationList section */

/* Begin XCRemoteSwiftPackageReference section */
		BE41C0432B3C6E8A00F507E3 /* XCRemoteSwiftPackageReference "RxSwift" */ = {
			isa = XCRemoteSwiftPackageReference;
			repositoryURL = "https://github.com/ReactiveX/RxSwift.git";
			requirement = {
				kind = upToNextMajorVersion;
				minimumVersion = 6.6.0;
			};
		};
/* End XCRemoteSwiftPackageReference section */

/* Begin XCSwiftPackageProductDependency section */
		BE41C0442B3C6E8A00F507E3 /* RxBlocking */ = {
			isa = XCSwiftPackageProductDependency;
			package = BE41C0432B3C6E8A00F507E3 /* XCRemoteSwiftPackageReference "RxSwift" */;
			productName = RxBlocking;
		};
		BE41C0462B3C6E8A00F507E3 /* RxBlocking-Dynamic */ = {
			isa = XCSwiftPackageProductDependency;
			package = BE41C0432B3C6E8A00F507E3 /* XCRemoteSwiftPackageReference "RxSwift" */;
			productName = "RxBlocking-Dynamic";
		};
		BE41C0482B3C6E8A00F507E3 /* RxCocoa */ = {
			isa = XCSwiftPackageProductDependency;
			package = BE41C0432B3C6E8A00F507E3 /* XCRemoteSwiftPackageReference "RxSwift" */;
			productName = RxCocoa;
		};
		BE41C04A2B3C6E8A00F507E3 /* RxCocoa-Dynamic */ = {
			isa = XCSwiftPackageProductDependency;
			package = BE41C0432B3C6E8A00F507E3 /* XCRemoteSwiftPackageReference "RxSwift" */;
			productName = "RxCocoa-Dynamic";
		};
		BE41C04C2B3C6E8A00F507E3 /* RxRelay */ = {
			isa = XCSwiftPackageProductDependency;
			package = BE41C0432B3C6E8A00F507E3 /* XCRemoteSwiftPackageReference "RxSwift" */;
			productName = RxRelay;
		};
		BE41C04E2B3C6E8A00F507E3 /* RxRelay-Dynamic */ = {
			isa = XCSwiftPackageProductDependency;
			package = BE41C0432B3C6E8A00F507E3 /* XCRemoteSwiftPackageReference "RxSwift" */;
			productName = "RxRelay-Dynamic";
		};
		BE41C0502B3C6E8A00F507E3 /* RxSwift */ = {
			isa = XCSwiftPackageProductDependency;
			package = BE41C0432B3C6E8A00F507E3 /* XCRemoteSwiftPackageReference "RxSwift" */;
			productName = RxSwift;
		};
		BE41C0522B3C6E8A00F507E3 /* RxSwift-Dynamic */ = {
			isa = XCSwiftPackageProductDependency;
			package = BE41C0432B3C6E8A00F507E3 /* XCRemoteSwiftPackageReference "RxSwift" */;
			productName = "RxSwift-Dynamic";
		};
		BE41C0542B3C6E8A00F507E3 /* RxTest */ = {
			isa = XCSwiftPackageProductDependency;
			package = BE41C0432B3C6E8A00F507E3 /* XCRemoteSwiftPackageReference "RxSwift" */;
			productName = RxTest;
		};
		BE41C0562B3C6E8A00F507E3 /* RxTest-Dynamic */ = {
			isa = XCSwiftPackageProductDependency;
			package = BE41C0432B3C6E8A00F507E3 /* XCRemoteSwiftPackageReference "RxSwift" */;
			productName = "RxTest-Dynamic";
		};
/* End XCSwiftPackageProductDependency section */
	};
	rootObject = BE6938712B380F2A00EC734A /* Project object */;
}
